
Microsoft Visual Studio Solution File, Format Version 12.00
# Visual Studio 15
VisualStudioVersion = 15.0.28307.489
MinimumVisualStudioVersion = 10.0.40219.1
Project("{FAE04EC0-301F-11D3-BF4B-00C04F79EFBC}") = "projeto_git", "projeto_git\projeto_git.csproj", "{53ACEDBA-91D3-4A81-ACF6-DDE1BB19EB1F}"
EndProject
Global
	GlobalSection(SolutionConfigurationPlatforms) = preSolution
		Debug|Any CPU = Debug|Any CPU
		Release|Any CPU = Release|Any CPU
	EndGlobalSection
	GlobalSection(ProjectConfigurationPlatforms) = postSolution
		{53ACEDBA-91D3-4A81-ACF6-DDE1BB19EB1F}.Debug|Any CPU.ActiveCfg = Debug|Any CPU
		{53ACEDBA-91D3-4A81-ACF6-DDE1BB19EB1F}.Debug|Any CPU.Build.0 = Debug|Any CPU
		{53ACEDBA-91D3-4A81-ACF6-DDE1BB19EB1F}.Release|Any CPU.ActiveCfg = Release|Any CPU
		{53ACEDBA-91D3-4A81-ACF6-DDE1BB19EB1F}.Release|Any CPU.Build.0 = Release|Any CPU
	EndGlobalSection
	GlobalSection(SolutionProperties) = preSolution
		HideSolutionNode = FALSE
	EndGlobalSection
	GlobalSection(ExtensibilityGlobals) = postSolution
		SolutionGuid = {94D5F72D-7ED5-4879-A82F-66BCC4B2DC32}
	EndGlobalSection
EndGlobal
